
Microsoft Visual Studio Solution File, Format Version 12.00
# Visual Studio Version 17
VisualStudioVersion = 17.3.32825.248
MinimumVisualStudioVersion = 10.0.40219.1
Project("{9A19103F-16F7-4668-BE54-9A1E7A4F7556}") = "webapp", "webapp\webapp.csproj", "{14C96EBB-1BB2-4A01-9056-127EE6E582DB}"
EndProject
Project("{FAE04EC0-301F-11D3-BF4B-00C04F79EFBC}") = "webtest", "..\webtest\webtest.csproj", "{A056EC08-3427-4D0F-9340-6C53943361DC}"
EndProject
Global
	GlobalSection(SolutionConfigurationPlatforms) = preSolution
		Debug|Any CPU = Debug|Any CPU
		Release|Any CPU = Release|Any CPU
	EndGlobalSection
	GlobalSection(ProjectConfigurationPlatforms) = postSolution
		{14C96EBB-1BB2-4A01-9056-127EE6E582DB}.Debug|Any CPU.ActiveCfg = Debug|Any CPU
		{14C96EBB-1BB2-4A01-9056-127EE6E582DB}.Debug|Any CPU.Build.0 = Debug|Any CPU
		{14C96EBB-1BB2-4A01-9056-127EE6E582DB}.Release|Any CPU.ActiveCfg = Release|Any CPU
		{14C96EBB-1BB2-4A01-9056-127EE6E582DB}.Release|Any CPU.Build.0 = Release|Any CPU
		{A056EC08-3427-4D0F-9340-6C53943361DC}.Debug|Any CPU.ActiveCfg = Debug|Any CPU
		{A056EC08-3427-4D0F-9340-6C53943361DC}.Debug|Any CPU.Build.0 = Debug|Any CPU
		{A056EC08-3427-4D0F-9340-6C53943361DC}.Release|Any CPU.ActiveCfg = Release|Any CPU
		{A056EC08-3427-4D0F-9340-6C53943361DC}.Release|Any CPU.Build.0 = Release|Any CPU
	EndGlobalSection
	GlobalSection(SolutionProperties) = preSolution
		HideSolutionNode = FALSE
	EndGlobalSection
	GlobalSection(ExtensibilityGlobals) = postSolution
		SolutionGuid = {AF113682-A0AF-4268-B478-AE986145D079}
	EndGlobalSection
EndGlobal
